
Microsoft Visual Studio Solution File, Format Version 12.00
# Visual Studio Version 16
VisualStudioVersion = 16.0.30804.86
MinimumVisualStudioVersion = 10.0.40219.1
Project("{FAE04EC0-301F-11D3-BF4B-00C04F79EFBC}") = "SouborovýRejstřík", "SouborovýRejstřík\SouborovýRejstřík.csproj", "{5293E2E3-211A-4424-BBF0-49218044FC9E}"
EndProject
Global
	GlobalSection(SolutionConfigurationPlatforms) = preSolution
		Debug|Any CPU = Debug|Any CPU
		Release|Any CPU = Release|Any CPU
	EndGlobalSection
	GlobalSection(ProjectConfigurationPlatforms) = postSolution
		{5293E2E3-211A-4424-BBF0-49218044FC9E}.Debug|Any CPU.ActiveCfg = Debug|Any CPU
		{5293E2E3-211A-4424-BBF0-49218044FC9E}.Debug|Any CPU.Build.0 = Debug|Any CPU
		{5293E2E3-211A-4424-BBF0-49218044FC9E}.Release|Any CPU.ActiveCfg = Release|Any CPU
		{5293E2E3-211A-4424-BBF0-49218044FC9E}.Release|Any CPU.Build.0 = Release|Any CPU
	EndGlobalSection
	GlobalSection(SolutionProperties) = preSolution
		HideSolutionNode = FALSE
	EndGlobalSection
	GlobalSection(ExtensibilityGlobals) = postSolution
		SolutionGuid = {7DF0C2F9-2046-47BA-9057-5ADAF9564C13}
	EndGlobalSection
EndGlobal
